// !$*UTF8*$!
{
	archiveVersion = 1;
	classes = {
	};
	objectVersion = 46;
	objects = {

/* Begin PBXBuildFile section */
		BF9E30611EA4849600E65BA3 /* AppDelegate.swift in Sources */ = {isa = PBXBuildFile; fileRef = BF9E30601EA4849600E65BA3 /* AppDelegate.swift */; };
		BF9E30631EA4849600E65BA3 /* ViewController.swift in Sources */ = {isa = PBXBuildFile; fileRef = BF9E30621EA4849600E65BA3 /* ViewController.swift */; };
		BF9E30661EA4849600E65BA3 /* Main.storyboard in Resources */ = {isa = PBXBuildFile; fileRef = BF9E30641EA4849600E65BA3 /* Main.storyboard */; };
		BF9E30681EA4849600E65BA3 /* Assets.xcassets in Resources */ = {isa = PBXBuildFile; fileRef = BF9E30671EA4849600E65BA3 /* Assets.xcassets */; };
		BF9E306B1EA4849600E65BA3 /* LaunchScreen.storyboard in Resources */ = {isa = PBXBuildFile; fileRef = BF9E30691EA4849600E65BA3 /* LaunchScreen.storyboard */; };
/* End PBXBuildFile section */

/* Begin PBXFileReference section */
		BF9E305D1EA4849600E65BA3 /* Phunware.app */ = {isa = PBXFileReference; explicitFileType = wrapper.application; includeInIndex = 0; path = Phunware.app; sourceTree = BUILT_PRODUCTS_DIR; };
		BF9E30601EA4849600E65BA3 /* AppDelegate.swift */ = {isa = PBXFileReference; lastKnownFileType = sourcecode.swift; path = AppDelegate.swift; sourceTree = "<group>"; };
		BF9E30621EA4849600E65BA3 /* ViewController.swift */ = {isa = PBXFileReference; lastKnownFileType = sourcecode.swift; path = ViewController.swift; sourceTree = "<group>"; };
		BF9E30651EA4849600E65BA3 /* Base */ = {isa = PBXFileReference; lastKnownFileType = file.storyboard; name = Base; path = Base.lproj/Main.storyboard; sourceTree = "<group>"; };
		BF9E30671EA4849600E65BA3 /* Assets.xcassets */ = {isa = PBXFileReference; lastKnownFileType = folder.assetcatalog; path = Assets.xcassets; sourceTree = "<group>"; };
		BF9E306A1EA4849600E65BA3 /* Base */ = {isa = PBXFileReference; lastKnownFileType = file.storyboard; name = Base; path = Base.lproj/LaunchScreen.storyboard; sourceTree = "<group>"; };
		BF9E306C1EA4849600E65BA3 /* Info.plist */ = {isa = PBXFileReference; lastKnownFileType = text.plist.xml; path = Info.plist; sourceTree = "<group>"; };
/* End PBXFileReference section */

/* Begin PBXFrameworksBuildPhase section */
		BF9E305A1EA4849600E65BA3 /* Frameworks */ = {
			isa = PBXFrameworksBuildPhase;
			buildActionMask = 2147483647;
			files = (
			);
			runOnlyForDeploymentPostprocessing = 0;
		};
/* End PBXFrameworksBuildPhase section */

/* Begin PBXGroup section */
		BF9E30541EA4849600E65BA3 = {
			isa = PBXGroup;
			children = (
				BF9E305F1EA4849600E65BA3 /* Phunware */,
				BF9E305E1EA4849600E65BA3 /* Products */,
			);
			sourceTree = "<group>";
		};
		BF9E305E1EA4849600E65BA3 /* Products */ = {
			isa = PBXGroup;
			children = (
				BF9E305D1EA4849600E65BA3 /* Phunware.app */,
			);
			name = Products;
			sourceTree = "<group>";
		};
		BF9E305F1EA4849600E65BA3 /* Phunware */ = {
			isa = PBXGroup;
			children = (
				BF9E30601EA4849600E65BA3 /* AppDelegate.swift */,
				BF9E30621EA4849600E65BA3 /* ViewController.swift */,
				BF9E30641EA4849600E65BA3 /* Main.storyboard */,
				BF9E30671EA4849600E65BA3 /* Assets.xcassets */,
				BF9E30691EA4849600E65BA3 /* LaunchScreen.storyboard */,
				BF9E306C1EA4849600E65BA3 /* Info.plist */,
			);
			path = Phunware;
			sourceTree = "<group>";
		};
/* End PBXGroup section */

/* Begin PBXNativeTarget section */
		BF9E305C1EA4849600E65BA3 /* Phunware */ = {
			isa = PBXNativeTarget;
			buildConfigurationList = BF9E306F1EA4849600E65BA3 /* Build configuration list for PBXNativeTarget "Phunware" */;
			buildPhases = (
				BF9E30591EA4849600E65BA3 /* Sources */,
				BF9E305A1EA4849600E65BA3 /* Frameworks */,
				BF9E305B1EA4849600E65BA3 /* Resources */,
			);
			buildRules = (
			);
			dependencies = (
			);
			name = Phunware;
			productName = Phunware;
			productReference = BF9E305D1EA4849600E65BA3 /* Phunware.app */;
			productType = "com.apple.product-type.application";
		};
/* End PBXNativeTarget section */

/* Begin PBXProject section */
		BF9E30551EA4849600E65BA3 /* Project object */ = {
			isa = PBXProject;
			attributes = {
				LastSwiftUpdateCheck = 0830;
				LastUpgradeCheck = 0830;
				ORGANIZATIONNAME = Ampe;
				TargetAttributes = {
					BF9E305C1EA4849600E65BA3 = {
						CreatedOnToolsVersion = 8.3.1;
						DevelopmentTeam = E7AGR9GU94;
						ProvisioningStyle = Automatic;
					};
				};
			};
			buildConfigurationList = BF9E30581EA4849600E65BA3 /* Build configuration list for PBXProject "Phunware" */;
			compatibilityVersion = "Xcode 3.2";
			developmentRegion = English;
			hasScannedForEncodings = 0;
			knownRegions = (
				en,
				Base,
			);
			mainGroup = BF9E30541EA4849600E65BA3;
			productRefGroup = BF9E305E1EA4849600E65BA3 /* Products */;
			projectDirPath = "";
			projectRoot = "";
			targets = (
				BF9E305C1EA4849600E65BA3 /* Phunware */,
			);
		};
/* End PBXProject section */

/* Begin PBXResourcesBuildPhase section */
		BF9E305B1EA4849600E65BA3 /* Resources */ = {
			isa = PBXResourcesBuildPhase;
			buildActionMask = 2147483647;
			files = (
				BF9E306B1EA4849600E65BA3 /* LaunchScreen.storyboard in Resources */,
				BF9E30681EA4849600E65BA3 /* Assets.xcassets in Resources */,
				BF9E30661EA4849600E65BA3 /* Main.storyboard in Resources */,
			);
			runOnlyForDeploymentPostprocessing = 0;
		};
/* End PBXResourcesBuildPhase section */

/* Begin PBXSourcesBuildPhase section */
		BF9E30591EA4849600E65BA3 /* Sources */ = {
			isa = PBXSourcesBuildPhase;
			buildActionMask = 2147483647;
			files = (
				BF9E30631EA4849600E65BA3 /* ViewController.swift in Sources */,
				BF9E30611EA4849600E65BA3 /* AppDelegate.swift in Sources */,
			);
			runOnlyForDeploymentPostprocessing = 0;
		};
/* End PBXSourcesBuildPhase section */

/* Begin PBXVariantGroup section */
		BF9E30641EA4849600E65BA3 /* Main.storyboard */ = {
			isa = PBXVariantGroup;
			children = (
				BF9E30651EA4849600E65BA3 /* Base */,
			);
			name = Main.storyboard;
			sourceTree = "<group>";
		};
		BF9E30691EA4849600E65BA3 /* LaunchScreen.storyboard */ = {
			isa = PBXVariantGroup;
			children = (
				BF9E306A1EA4849600E65BA3 /* Base */,
			);
			name = LaunchScreen.storyboard;
			sourceTree = "<group>";
		};
/* End PBXVariantGroup section */

/* Begin XCBuildConfiguration section */
		BF9E306D1EA4849600E65BA3 /* Debug */ = {
			isa = XCBuildConfiguration;
			buildSettings = {
				ALWAYS_SEARCH_USER_PATHS = NO;
				CLANG_ANALYZER_NONNULL = YES;
				CLANG_ANALYZER_NUMBER_OBJECT_CONVERSION = YES_AGGRESSIVE;
				CLANG_CXX_LANGUAGE_STANDARD = "gnu++0x";
				CLANG_CXX_LIBRARY = "libc++";
				CLANG_ENABLE_MODULES = YES;
				CLANG_ENABLE_OBJC_ARC = YES;
				CLANG_WARN_BOOL_CONVERSION = YES;
				CLANG_WARN_CONSTANT_CONVERSION = YES;
				CLANG_WARN_DIRECT_OBJC_ISA_USAGE = YES_ERROR;
				CLANG_WARN_DOCUMENTATION_COMMENTS = YES;
				CLANG_WARN_EMPTY_BODY = YES;
				CLANG_WARN_ENUM_CONVERSION = YES;
				CLANG_WARN_INFINITE_RECURSION = YES;
				CLANG_WARN_INT_CONVERSION = YES;
				CLANG_WARN_OBJC_ROOT_CLASS = YES_ERROR;
				CLANG_WARN_SUSPICIOUS_MOVE = YES;
				CLANG_WARN_UNREACHABLE_CODE = YES;
				CLANG_WARN__DUPLICATE_METHOD_MATCH = YES;
				"CODE_SIGN_IDENTITY[sdk=iphoneos*]" = "iPhone Developer";
				COPY_PHASE_STRIP = NO;
				DEBUG_INFORMATION_FORMAT = dwarf;
				ENABLE_STRICT_OBJC_MSGSEND = YES;
				ENABLE_TESTABILITY = YES;
				GCC_C_LANGUAGE_STANDARD = gnu99;
				GCC_DYNAMIC_NO_PIC = NO;
				GCC_NO_COMMON_BLOCKS = YES;
				GCC_OPTIMIZATION_LEVEL = 0;
				GCC_PREPROCESSOR_DEFINITIONS = (
					"DEBUG=1",
					"$(inherited)",
				);
				GCC_WARN_64_TO_32_BIT_CONVERSION = YES;
				GCC_WARN_ABOUT_RETURN_TYPE = YES_ERROR;
				GCC_WARN_UNDECLARED_SELECTOR = YES;
				GCC_WARN_UNINITIALIZED_AUTOS = YES_AGGRESSIVE;
				GCC_WARN_UNUSED_FUNCTION = YES;
				GCC_WARN_UNUSED_VARIABLE = YES;
				IPHONEOS_DEPLOYMENT_TARGET = 10.3;
				MTL_ENABLE_DEBUG_INFO = YES;
				ONLY_ACTIVE_ARCH = YES;
				SDKROOT = iphoneos;
				SWIFT_ACTIVE_COMPILATION_CONDITIONS = DEBUG;
				SWIFT_OPTIMIZATION_LEVEL = "-Onone";
				TARGETED_DEVICE_FAMILY = "1,2";
			};
			name = Debug;
		};
		BF9E306E1EA4849600E65BA3 /* Release */ = {
			isa = XCBuildConfiguration;
			buildSettings = {
				ALWAYS_SEARCH_USER_PATHS = NO;
				CLANG_ANALYZER_NONNULL = YES;
				CLANG_ANALYZER_NUMBER_OBJECT_CONVERSION = YES_AGGRESSIVE;
				CLANG_CXX_LANGUAGE_STANDARD = "gnu++0x";
				CLANG_CXX_LIBRARY = "libc++";
				CLANG_ENABLE_MODULES = YES;
				CLANG_ENABLE_OBJC_ARC = YES;
				CLANG_WARN_BOOL_CONVERSION = YES;
				CLANG_WARN_CONSTANT_CONVERSION = YES;
				CLANG_WARN_DIRECT_OBJC_ISA_USAGE = YES_ERROR;
				CLANG_WARN_DOCUMENTATION_COMMENTS = YES;
				CLANG_WARN_EMPTY_BODY = YES;
				CLANG_WARN_ENUM_CONVERSION = YES;
				CLANG_WARN_INFINITE_RECURSION = YES;
				CLANG_WARN_INT_CONVERSION = YES;
				CLANG_WARN_OBJC_ROOT_CLASS = YES_ERROR;
				CLANG_WARN_SUSPICIOUS_MOVE = YES;
				CLANG_WARN_UNREACHABLE_CODE = YES;
				CLANG_WARN__DUPLICATE_METHOD_MATCH = YES;
				"CODE_SIGN_IDENTITY[sdk=iphoneos*]" = "iPhone Developer";
				COPY_PHASE_STRIP = NO;
				DEBUG_INFORMATION_FORMAT = "dwarf-with-dsym";
				ENABLE_NS_ASSERTIONS = NO;
				ENABLE_STRICT_OBJC_MSGSEND = YES;
				GCC_C_LANGUAGE_STANDARD = gnu99;
				GCC_NO_COMMON_BLOCKS = YES;
				GCC_WARN_64_TO_32_BIT_CONVERSION = YES;
				GCC_WARN_ABOUT_RETURN_TYPE = YES_ERROR;
				GCC_WARN_UNDECLARED_SELECTOR = YES;
				GCC_WARN_UNINITIALIZED_AUTOS = YES_AGGRESSIVE;
				GCC_WARN_UNUSED_FUNCTION = YES;
				GCC_WARN_UNUSED_VARIABLE = YES;
				IPHONEOS_DEPLOYMENT_TARGET = 10.3;
				MTL_ENABLE_DEBUG_INFO = NO;
				SDKROOT = iphoneos;
				SWIFT_OPTIMIZATION_LEVEL = "-Owholemodule";
				TARGETED_DEVICE_FAMILY = "1,2";
				VALIDATE_PRODUCT = YES;
			};
			name = Release;
		};
		BF9E30701EA4849600E65BA3 /* Debug */ = {
			isa = XCBuildConfiguration;
			buildSettings = {
				ASSETCATALOG_COMPILER_APPICON_NAME = AppIcon;
				DEVELOPMENT_TEAM = E7AGR9GU94;
				INFOPLIST_FILE = Phunware/Info.plist;
				LD_RUNPATH_SEARCH_PATHS = "$(inherited) @executable_path/Frameworks";
				PRODUCT_BUNDLE_IDENTIFIER = Ampe.Phunware;
				PRODUCT_NAME = "$(TARGET_NAME)";
				SWIFT_VERSION = 3.0;
			};
			name = Debug;
		};
		BF9E30711EA4849600E65BA3 /* Release */ = {
			isa = XCBuildConfiguration;
			buildSettings = {
				ASSETCATALOG_COMPILER_APPICON_NAME = AppIcon;
				DEVELOPMENT_TEAM = E7AGR9GU94;
				INFOPLIST_FILE = Phunware/Info.plist;
				LD_RUNPATH_SEARCH_PATHS = "$(inherited) @executable_path/Frameworks";
				PRODUCT_BUNDLE_IDENTIFIER = Ampe.Phunware;
				PRODUCT_NAME = "$(TARGET_NAME)";
				SWIFT_VERSION = 3.0;
			};
			name = Release;
		};
/* End XCBuildConfiguration section */

/* Begin XCConfigurationList section */
		BF9E30581EA4849600E65BA3 /* Build configuration list for PBXProject "Phunware" */ = {
			isa = XCConfigurationList;
			buildConfigurations = (
				BF9E306D1EA4849600E65BA3 /* Debug */,
				BF9E306E1EA4849600E65BA3 /* Release */,
			);
			defaultConfigurationIsVisible = 0;
			defaultConfigurationName = Release;
		};
		BF9E306F1EA4849600E65BA3 /* Build configuration list for PBXNativeTarget "Phunware" */ = {
			isa = XCConfigurationList;
			buildConfigurations = (
				BF9E30701EA4849600E65BA3 /* Debug */,
				BF9E30711EA4849600E65BA3 /* Release */,
			);
			defaultConfigurationIsVisible = 0;
		};
/* End XCConfigurationList section */
	};
	rootObject = BF9E30551EA4849600E65BA3 /* Project object */;
}
